{
  "requires": true,
  "lockfileVersion": 1,
  "dependencies": {
    "@types/jss": {
      "version": "9.3.1",
      "resolved": "http://registry.npm.taobao.org/@types/jss/download/@types/jss-9.3.1.tgz",
      "integrity": "sha1-nhE/XT5rum2Lq8pr5Si1zxnTehY="
    },
    "@types/react": {
      "version": "16.0.40",
      "resolved": "http://registry.npm.taobao.org/@types/react/download/@types/react-16.0.40.tgz",
      "integrity": "sha1-yqvCKWiG9Atn9vyA8PNGRHZGHfk="
    },
    "@types/react-transition-group": {
      "version": "2.0.7",
      "resolved": "http://registry.npm.taobao.org/@types/react-transition-group/download/@types/react-transition-group-2.0.7.tgz",
      "integrity": "sha1-KEcpLVTFaF2YKuWj7LaWCUZonYc=",
      "requires": {
        "@types/react": "16.0.40"
      }
    },
    "asap": {
      "version": "2.0.6",
      "resolved": "http://registry.npm.taobao.org/asap/download/asap-2.0.6.tgz",
      "integrity": "sha1-5QNHYR1+aQlDIIu9r+vLwvuGbUY="
    },
    "babel-runtime": {
      "version": "6.26.0",
      "resolved": "http://registry.npm.taobao.org/babel-runtime/download/babel-runtime-6.26.0.tgz",
      "integrity": "sha1-llxwWGaOgrVde/4E/yM3vItWR/4=",
      "requires": {
        "core-js": "2.5.3",
        "regenerator-runtime": "0.11.1"
      }
    },
    "brcast": {
      "version": "3.0.1",
      "resolved": "http://registry.npm.taobao.org/brcast/download/brcast-3.0.1.tgz",
      "integrity": "sha1-YlaoNJsg3p7tRCV6myTXFJPNSN0="
    },
    "chain-function": {
      "version": "1.0.0",
      "resolved": "http://registry.npm.taobao.org/chain-function/download/chain-function-1.0.0.tgz",
      "integrity": "sha1-DUqzfn4Y6tC9xHuSB2QRjOWHM9w="
    },
    "change-emitter": {
      "version": "0.1.6",
      "resolved": "http://registry.npm.taobao.org/change-emitter/download/change-emitter-0.1.6.tgz",
      "integrity": "sha1-6LL+PX8at9aaMhma/5HqaTFAlRU="
    },
    "classnames": {
      "version": "2.2.5",
      "resolved": "http://registry.npm.taobao.org/classnames/download/classnames-2.2.5.tgz",
      "integrity": "sha1-+zgB1FNGdknvNgPH1hoCvRKb3m0="
    },
    "core-js": {
      "version": "2.5.3",
      "resolved": "http://registry.npm.taobao.org/core-js/download/core-js-2.5.3.tgz",
      "integrity": "sha1-isw4NFgk8W2DZbfJtCWRaOjtYD4="
    },
    "css-vendor": {
      "version": "0.3.8",
      "resolved": "http://registry.npm.taobao.org/css-vendor/download/css-vendor-0.3.8.tgz",
      "integrity": "sha1-ZCHP0wNM5mT+dnOXL9ARn8KJQfo=",
      "requires": {
        "is-in-browser": "1.1.3"
      }
    },
    "deepmerge": {
      "version": "2.1.0",
      "resolved": "http://registry.npm.taobao.org/deepmerge/download/deepmerge-2.1.0.tgz",
      "integrity": "sha1-URpU//QF/DRvAkC7Jwo+lTOjEQI="
    },
    "dom-helpers": {
      "version": "3.3.1",
      "resolved": "http://registry.npm.taobao.org/dom-helpers/download/dom-helpers-3.3.1.tgz",
      "integrity": "sha1-/BpOFf/fYN3eA6SAqcD+zoId1KY="
    },
    "dom-walk": {
      "version": "0.1.1",
      "resolved": "http://registry.npm.taobao.org/dom-walk/download/dom-walk-0.1.1.tgz",
      "integrity": "sha1-ZyIm3HTI95mtNTB9+TaroRrNYBg="
    },
    "encoding": {
      "version": "0.1.12",
      "resolved": "http://registry.npm.taobao.org/encoding/download/encoding-0.1.12.tgz",
      "integrity": "sha1-U4tm8+5izRq1HsMjgp0flIDHS+s=",
      "requires": {
        "iconv-lite": "0.4.19"
      }
    },
    "fbjs": {
      "version": "0.8.16",
      "resolved": "http://registry.npm.taobao.org/fbjs/download/fbjs-0.8.16.tgz",
      "integrity": "sha1-XmdDL1UNxBtXK/VYR7ispk5TN9s=",
      "requires": {
        "core-js": "1.2.7",
        "isomorphic-fetch": "2.2.1",
        "loose-envify": "1.3.1",
        "object-assign": "4.1.1",
        "promise": "7.3.1",
        "setimmediate": "1.0.5",
        "ua-parser-js": "0.7.17"
      },
      "dependencies": {
        "core-js": {
          "version": "1.2.7",
          "resolved": "http://registry.npm.taobao.org/core-js/download/core-js-1.2.7.tgz",
          "integrity": "sha1-ZSKUwUZR2yj6k70tX/KYOk8IxjY="
        }
      }
    },
    "global": {
      "version": "4.3.2",
      "resolved": "http://registry.npm.taobao.org/global/download/global-4.3.2.tgz",
      "integrity": "sha1-52mJJopsdMOJCLEwWxD8DjlOnQ8=",
      "requires": {
        "min-document": "2.19.0",
        "process": "0.5.2"
      }
    },
    "hoist-non-react-statics": {
      "version": "2.5.0",
      "resolved": "http://registry.npm.taobao.org/hoist-non-react-statics/download/hoist-non-react-statics-2.5.0.tgz",
      "integrity": "sha1-0sot/BnFqRxaZhXOjlZO8DR+KkA="
    },
    "hyphenate-style-name": {
      "version": "1.0.2",
      "resolved": "http://registry.npm.taobao.org/hyphenate-style-name/download/hyphenate-style-name-1.0.2.tgz",
      "integrity": "sha1-MRYKNpMK2vH8BMYHT360FGXU7Es="
    },
    "iconv-lite": {
      "version": "0.4.19",
      "resolved": "http://registry.npm.taobao.org/iconv-lite/download/iconv-lite-0.4.19.tgz",
      "integrity": "sha1-90aPYBNfXl2tM5nAqBvpoWA6CCs="
    },
    "is-function": {
      "version": "1.0.1",
      "resolved": "http://registry.npm.taobao.org/is-function/download/is-function-1.0.1.tgz",
      "integrity": "sha1-Es+5i2W1fdPRk6MSH19uL0N2ArU="
    },
    "is-in-browser": {
      "version": "1.1.3",
      "resolved": "http://registry.npm.taobao.org/is-in-browser/download/is-in-browser-1.1.3.tgz",
      "integrity": "sha1-Vv9NtoOgeMYILrldrX3GLh0E+DU="
    },
    "is-plain-object": {
      "version": "2.0.4",
      "resolved": "http://registry.npm.taobao.org/is-plain-object/download/is-plain-object-2.0.4.tgz",
      "integrity": "sha1-LBY7P6+xtgbZ0Xko8FwqHDjgdnc=",
      "requires": {
        "isobject": "3.0.1"
      }
    },
    "is-stream": {
      "version": "1.1.0",
      "resolved": "http://registry.npm.taobao.org/is-stream/download/is-stream-1.1.0.tgz",
      "integrity": "sha1-EtSj3U5o4Lec6428hBc66A2RykQ="
    },
    "isobject": {
      "version": "3.0.1",
      "resolved": "http://registry.npm.taobao.org/isobject/download/isobject-3.0.1.tgz",
      "integrity": "sha1-TkMekrEalzFjaqH5yNHMvP2reN8="
    },
    "isomorphic-fetch": {
      "version": "2.2.1",
      "resolved": "http://registry.npm.taobao.org/isomorphic-fetch/download/isomorphic-fetch-2.2.1.tgz",
      "integrity": "sha1-YRrhrPFPXoH3KVB0coGf6XM1WKk=",
      "requires": {
        "node-fetch": "1.7.3",
        "whatwg-fetch": "2.0.3"
      }
    },
    "js-tokens": {
      "version": "3.0.2",
      "resolved": "http://registry.npm.taobao.org/js-tokens/download/js-tokens-3.0.2.tgz",
      "integrity": "sha1-mGbfOVECEw449/mWvOtlRDIJwls="
    },
    "jss": {
      "version": "9.8.0",
      "resolved": "http://registry.npm.taobao.org/jss/download/jss-9.8.0.tgz",
      "integrity": "sha1-d4MN71Y4cBA/hnHtMc46PS8yqis=",
      "requires": {
        "is-in-browser": "1.1.3",
        "symbol-observable": "1.2.0",
        "warning": "3.0.0"
      }
    },
    "jss-camel-case": {
      "version": "6.1.0",
      "resolved": "http://registry.npm.taobao.org/jss-camel-case/download/jss-camel-case-6.1.0.tgz",
      "integrity": "sha1-zLH/jWxwHAKh/tb7b7a3iW4RzkQ=",
      "requires": {
        "hyphenate-style-name": "1.0.2"
      }
    },
    "jss-compose": {
      "version": "5.0.0",
      "resolved": "http://registry.npm.taobao.org/jss-compose/download/jss-compose-5.0.0.tgz",
      "integrity": "sha1-zgGy5FIdZcN+pCz0kRbl96tZZIQ=",
      "requires": {
        "warning": "3.0.0"
      }
    },
    "jss-default-unit": {
      "version": "8.0.2",
      "resolved": "http://registry.npm.taobao.org/jss-default-unit/download/jss-default-unit-8.0.2.tgz",
      "integrity": "sha1-zB6Im65MC5QZMnsxSrHI4oJokOY="
    },
    "jss-expand": {
      "version": "5.1.0",
      "resolved": "http://registry.npm.taobao.org/jss-expand/download/jss-expand-5.1.0.tgz",
      "integrity": "sha1-sa107BhjHzT2WiEk/PzrZABhDj0="
    },
    "jss-extend": {
      "version": "6.2.0",
      "resolved": "http://registry.npm.taobao.org/jss-extend/download/jss-extend-6.2.0.tgz",
      "integrity": "sha1-SvCdC3L7mO4imXD4yoUv7ByiqNw=",
      "requires": {
        "warning": "3.0.0"
      }
    },
    "jss-global": {
      "version": "3.0.0",
      "resolved": "http://registry.npm.taobao.org/jss-global/download/jss-global-3.0.0.tgz",
      "integrity": "sha1-4Z5ckasrljU8In4wqiy9k4zar6I="
    },
    "jss-nested": {
      "version": "6.0.1",
      "resolved": "http://registry.npm.taobao.org/jss-nested/download/jss-nested-6.0.1.tgz",
      "integrity": "sha1-75kredbo9j2TnEOXudmbXLvoJMo=",
      "requires": {
        "warning": "3.0.0"
      }
    },
    "jss-preset-default": {
      "version": "4.3.0",
      "resolved": "http://registry.npm.taobao.org/jss-preset-default/download/jss-preset-default-4.3.0.tgz",
      "integrity": "sha1-e8kbCygkklV9Nu1OXG18jLMVS7g=",
      "requires": {
        "jss-camel-case": "6.1.0",
        "jss-compose": "5.0.0",
        "jss-default-unit": "8.0.2",
        "jss-expand": "5.1.0",
        "jss-extend": "6.2.0",
        "jss-global": "3.0.0",
        "jss-nested": "6.0.1",
        "jss-props-sort": "6.0.0",
        "jss-template": "1.0.1",
        "jss-vendor-prefixer": "7.0.0"
      }
    },
    "jss-props-sort": {
      "version": "6.0.0",
      "resolved": "http://registry.npm.taobao.org/jss-props-sort/download/jss-props-sort-6.0.0.tgz",
      "integrity": "sha1-kQUQGjtQcfq2Hi2F6nTMIumxYyM="
    },
    "jss-template": {
      "version": "1.0.1",
      "resolved": "http://registry.npm.taobao.org/jss-template/download/jss-template-1.0.1.tgz",
      "integrity": "sha1-Ca7Z2GzFR7B/U+81XX4Xd/faQwo=",
      "requires": {
        "warning": "3.0.0"
      }
    },
    "jss-vendor-prefixer": {
      "version": "7.0.0",
      "resolved": "http://registry.npm.taobao.org/jss-vendor-prefixer/download/jss-vendor-prefixer-7.0.0.tgz",
      "integrity": "sha1-AWZyllABXvGdnwJDfHNmcjFgXHE=",
      "requires": {
        "css-vendor": "0.3.8"
      }
    },
    "keycode": {
      "version": "2.1.9",
      "resolved": "http://registry.npm.taobao.org/keycode/download/keycode-2.1.9.tgz",
      "integrity": "sha1-lkojxU5IiUBbSGGlyfBIDUUUHfo="
    },
    "lodash": {
      "version": "4.17.5",
      "resolved": "http://registry.npm.taobao.org/lodash/download/lodash-4.17.5.tgz",
      "integrity": "sha1-maktZcAnLevoyWtgV7yPv6O+1RE="
    },
    "loose-envify": {
      "version": "1.3.1",
      "resolved": "http://registry.npm.taobao.org/loose-envify/download/loose-envify-1.3.1.tgz",
      "integrity": "sha1-0aitM/qc4OcT1l/dCsi3SNR4yEg=",
      "requires": {
        "js-tokens": "3.0.2"
      }
    },
    "material-ui": {
      "version": "1.0.0-beta.37",
      "resolved": "http://registry.npm.taobao.org/material-ui/download/material-ui-1.0.0-beta.37.tgz",
      "integrity": "sha1-GQl90F5hk20thEmHSu7Rya6c64o=",
      "requires": {
        "@types/jss": "9.3.1",
        "@types/react-transition-group": "2.0.7",
        "babel-runtime": "6.26.0",
        "brcast": "3.0.1",
        "classnames": "2.2.5",
        "deepmerge": "2.1.0",
        "dom-helpers": "3.3.1",
        "hoist-non-react-statics": "2.5.0",
        "jss": "9.8.0",
        "jss-camel-case": "6.1.0",
        "jss-default-unit": "8.0.2",
        "jss-global": "3.0.0",
        "jss-nested": "6.0.1",
        "jss-props-sort": "6.0.0",
        "jss-vendor-prefixer": "7.0.0",
        "keycode": "2.1.9",
        "lodash": "4.17.5",
        "normalize-scroll-left": "0.1.2",
        "prop-types": "15.6.1",
        "react-event-listener": "0.5.3",
        "react-jss": "8.3.3",
        "react-lifecycles-compat": "1.0.2",
        "react-popper": "0.8.2",
        "react-scrollbar-size": "2.1.0",
        "react-transition-group": "2.2.1",
        "recompose": "0.26.0",
        "scroll": "2.0.3",
        "warning": "3.0.0"
      },
      "dependencies": {
        "prop-types": {
          "version": "15.6.1",
          "resolved": "http://registry.npm.taobao.org/prop-types/download/prop-types-15.6.1.tgz",
          "integrity": "sha1-NmREU1ZCVd3aORGR+zoSXL32VMo=",
          "requires": {
            "fbjs": "0.8.16",
            "loose-envify": "1.3.1",
            "object-assign": "4.1.1"
          }
        }
      }
    },
    "min-document": {
      "version": "2.19.0",
      "resolved": "http://registry.npm.taobao.org/min-document/download/min-document-2.19.0.tgz",
      "integrity": "sha1-e9KC4/WELtKVu3SM3Z8f+iyCRoU=",
      "requires": {
        "dom-walk": "0.1.1"
      }
    },
    "node-fetch": {
      "version": "1.7.3",
      "resolved": "http://registry.npm.taobao.org/node-fetch/download/node-fetch-1.7.3.tgz",
      "integrity": "sha1-mA9vcthSEaU0fGsrwYxbhMPrR+8=",
      "requires": {
        "encoding": "0.1.12",
        "is-stream": "1.1.0"
      }
    },
    "normalize-scroll-left": {
      "version": "0.1.2",
      "resolved": "http://registry.npm.taobao.org/normalize-scroll-left/download/normalize-scroll-left-0.1.2.tgz",
      "integrity": "sha1-a3lpG6eetfsQf6Xt+9wGtVyu4qo="
    },
    "object-assign": {
      "version": "4.1.1",
      "resolved": "http://registry.npm.taobao.org/object-assign/download/object-assign-4.1.1.tgz",
      "integrity": "sha1-IQmtx5ZYh8/AXLvUQsrIv7s2CGM="
    },
    "popper.js": {
      "version": "1.14.0",
      "resolved": "http://registry.npm.taobao.org/popper.js/download/popper.js-1.14.0.tgz",
      "integrity": "sha1-PXMTIQDIO/3F+rtHab6SX1flncI="
    },
    "process": {
      "version": "0.5.2",
      "resolved": "http://registry.npm.taobao.org/process/download/process-0.5.2.tgz",
      "integrity": "sha1-FjjYqONML0QKkduVq5rrZ3/Bhc8="
    },
    "promise": {
      "version": "7.3.1",
      "resolved": "http://registry.npm.taobao.org/promise/download/promise-7.3.1.tgz",
      "integrity": "sha1-BktyYCsY+Q8pGSuLG8QY/9Hr078=",
      "requires": {
        "asap": "2.0.6"
      }
    },
    "rafl": {
      "version": "1.2.2",
      "resolved": "http://registry.npm.taobao.org/rafl/download/rafl-1.2.2.tgz",
      "integrity": "sha1-/pMPdYIRAg1H44gV9Rlqi+QVB0A=",
      "requires": {
        "global": "4.3.2"
      }
    },
    "react-event-listener": {
      "version": "0.5.3",
      "resolved": "http://registry.npm.taobao.org/react-event-listener/download/react-event-listener-0.5.3.tgz",
      "integrity": "sha1-qLSSWWrWAYZTFPzCwYy4e2zjh24=",
      "requires": {
        "babel-runtime": "6.26.0",
        "fbjs": "0.8.16",
        "prop-types": "15.6.1",
        "warning": "3.0.0"
      },
      "dependencies": {
        "prop-types": {
          "version": "15.6.1",
          "resolved": "http://registry.npm.taobao.org/prop-types/download/prop-types-15.6.1.tgz",
          "integrity": "sha1-NmREU1ZCVd3aORGR+zoSXL32VMo=",
          "requires": {
            "fbjs": "0.8.16",
            "loose-envify": "1.3.1",
            "object-assign": "4.1.1"
          }
        }
      }
    },
    "react-jss": {
      "version": "8.3.3",
      "resolved": "http://registry.npm.taobao.org/react-jss/download/react-jss-8.3.3.tgz",
      "integrity": "sha1-Z3pXVp0+T1CZ/N6v7d2NLGKrWXc=",
      "requires": {
        "hoist-non-react-statics": "2.5.0",
        "jss": "9.8.0",
        "jss-preset-default": "4.3.0",
        "prop-types": "15.6.1",
        "theming": "1.3.0"
      },
      "dependencies": {
        "prop-types": {
          "version": "15.6.1",
          "resolved": "http://registry.npm.taobao.org/prop-types/download/prop-types-15.6.1.tgz",
          "integrity": "sha1-NmREU1ZCVd3aORGR+zoSXL32VMo=",
          "requires": {
            "fbjs": "0.8.16",
            "loose-envify": "1.3.1",
            "object-assign": "4.1.1"
          }
        }
      }
    },
    "react-lifecycles-compat": {
      "version": "1.0.2",
      "resolved": "http://registry.npm.taobao.org/react-lifecycles-compat/download/react-lifecycles-compat-1.0.2.tgz",
      "integrity": "sha1-VR2LHRVjRuX88w/6ybMs4/eLiFA="
    },
    "react-popper": {
      "version": "0.8.2",
      "resolved": "http://registry.npm.taobao.org/react-popper/download/react-popper-0.8.2.tgz",
      "integrity": "sha1-CSCV/xOTMhHThW2fMlUR7DpC8Sw=",
      "requires": {
        "popper.js": "1.14.0",
        "prop-types": "15.6.1"
      },
      "dependencies": {
        "prop-types": {
          "version": "15.6.1",
          "resolved": "http://registry.npm.taobao.org/prop-types/download/prop-types-15.6.1.tgz",
          "integrity": "sha1-NmREU1ZCVd3aORGR+zoSXL32VMo=",
          "requires": {
            "fbjs": "0.8.16",
            "loose-envify": "1.3.1",
            "object-assign": "4.1.1"
          }
        }
      }
    },
    "react-scrollbar-size": {
      "version": "2.1.0",
      "resolved": "http://registry.npm.taobao.org/react-scrollbar-size/download/react-scrollbar-size-2.1.0.tgz",
      "integrity": "sha1-EF55cTXKuSsfnhbwAHHbfyn4B1Q=",
      "requires": {
        "babel-runtime": "6.26.0",
        "prop-types": "15.6.1",
        "react-event-listener": "0.5.3",
        "stifle": "1.0.4"
      },
      "dependencies": {
        "prop-types": {
          "version": "15.6.1",
          "resolved": "http://registry.npm.taobao.org/prop-types/download/prop-types-15.6.1.tgz",
          "integrity": "sha1-NmREU1ZCVd3aORGR+zoSXL32VMo=",
          "requires": {
            "fbjs": "0.8.16",
            "loose-envify": "1.3.1",
            "object-assign": "4.1.1"
          }
        }
      }
    },
    "react-transition-group": {
      "version": "2.2.1",
      "resolved": "http://registry.npm.taobao.org/react-transition-group/download/react-transition-group-2.2.1.tgz",
      "integrity": "sha1-6ftne3nmRV/TkbA4I6/oSEnfShA=",
      "requires": {
        "chain-function": "1.0.0",
        "classnames": "2.2.5",
        "dom-helpers": "3.3.1",
        "loose-envify": "1.3.1",
        "prop-types": "15.6.1",
        "warning": "3.0.0"
      },
      "dependencies": {
        "prop-types": {
          "version": "15.6.1",
          "resolved": "http://registry.npm.taobao.org/prop-types/download/prop-types-15.6.1.tgz",
          "integrity": "sha1-NmREU1ZCVd3aORGR+zoSXL32VMo=",
          "requires": {
            "fbjs": "0.8.16",
            "loose-envify": "1.3.1",
            "object-assign": "4.1.1"
          }
        }
      }
    },
    "recompose": {
      "version": "0.26.0",
      "resolved": "http://registry.npm.taobao.org/recompose/download/recompose-0.26.0.tgz",
      "integrity": "sha1-m6v/A5y3K6W9FzZtVdcjL737LTA=",
      "requires": {
        "change-emitter": "0.1.6",
        "fbjs": "0.8.16",
        "hoist-non-react-statics": "2.5.0",
        "symbol-observable": "1.2.0"
      }
    },
    "regenerator-runtime": {
      "version": "0.11.1",
      "resolved": "http://registry.npm.taobao.org/regenerator-runtime/download/regenerator-runtime-0.11.1.tgz",
      "integrity": "sha1-vgWtf5v30i4Fb5cmzuUBf78Z4uk="
    },
    "scroll": {
      "version": "2.0.3",
      "resolved": "http://registry.npm.taobao.org/scroll/download/scroll-2.0.3.tgz",
      "integrity": "sha1-CVG3hVRCBf0XdTvD0pRzi6Fvwqs=",
      "requires": {
        "rafl": "1.2.2"
      }
    },
    "setimmediate": {
      "version": "1.0.5",
      "resolved": "http://registry.npm.taobao.org/setimmediate/download/setimmediate-1.0.5.tgz",
      "integrity": "sha1-KQy7Iy4waULX1+qbg3Mqt4VvgoU="
    },
    "stifle": {
      "version": "1.0.4",
      "resolved": "http://registry.npm.taobao.org/stifle/download/stifle-1.0.4.tgz",
      "integrity": "sha1-izvN9SQZsKnHnjWtrc5QEjwdjpk="
    },
    "symbol-observable": {
      "version": "1.2.0",
      "resolved": "http://registry.npm.taobao.org/symbol-observable/download/symbol-observable-1.2.0.tgz",
      "integrity": "sha1-wiaIrtTqs83C3+rLtWFmBWCgCAQ="
    },
    "theming": {
      "version": "1.3.0",
      "resolved": "http://registry.npm.taobao.org/theming/download/theming-1.3.0.tgz",
      "integrity": "sha1-KG1broC+iQ0K3GReXKBJhyNyW9w=",
      "requires": {
        "brcast": "3.0.1",
        "is-function": "1.0.1",
        "is-plain-object": "2.0.4",
        "prop-types": "15.6.1"
      },
      "dependencies": {
        "prop-types": {
          "version": "15.6.1",
          "resolved": "http://registry.npm.taobao.org/prop-types/download/prop-types-15.6.1.tgz",
          "integrity": "sha1-NmREU1ZCVd3aORGR+zoSXL32VMo=",
          "requires": {
            "fbjs": "0.8.16",
            "loose-envify": "1.3.1",
            "object-assign": "4.1.1"
          }
        }
      }
    },
    "ua-parser-js": {
      "version": "0.7.17",
      "resolved": "http://registry.npm.taobao.org/ua-parser-js/download/ua-parser-js-0.7.17.tgz",
      "integrity": "sha1-6exflJi57JEOeuOsYmqAXE0J7Kw="
    },
    "warning": {
      "version": "3.0.0",
      "resolved": "http://registry.npm.taobao.org/warning/download/warning-3.0.0.tgz",
      "integrity": "sha1-MuU3fLVy3kqwR1O9+IIcAe1gW3w=",
      "requires": {
        "loose-envify": "1.3.1"
      }
    },
    "whatwg-fetch": {
      "version": "2.0.3",
      "resolved": "http://registry.npm.taobao.org/whatwg-fetch/download/whatwg-fetch-2.0.3.tgz",
      "integrity": "sha1-nITsLc9oGH/wC8ZOEnS0QhduHIQ="
    }
  }
}
